
Microsoft Visual Studio Solution File, Format Version 12.00
# Visual Studio 15
VisualStudioVersion = 15.0.26228.4
MinimumVisualStudioVersion = 10.0.40219.1
Project("{FAE04EC0-301F-11D3-BF4B-00C04F79EFBC}") = "LibraryObjects", "LibraryObjects\LibraryObjects.csproj", "{6CDFDD4C-F472-471D-9FA6-38C88AB01CD3}"
EndProject
Project("{FAE04EC0-301F-11D3-BF4B-00C04F79EFBC}") = "WebService", "WebЫукмшсу\WebService.csproj", "{7185A902-0D45-4F75-BE0C-A4F11E44BFB2}"
EndProject
Global
	GlobalSection(SolutionConfigurationPlatforms) = preSolution
		Debug|Any CPU = Debug|Any CPU
		Release|Any CPU = Release|Any CPU
	EndGlobalSection
	GlobalSection(ProjectConfigurationPlatforms) = postSolution
		{6CDFDD4C-F472-471D-9FA6-38C88AB01CD3}.Debug|Any CPU.ActiveCfg = Debug|Any CPU
		{6CDFDD4C-F472-471D-9FA6-38C88AB01CD3}.Debug|Any CPU.Build.0 = Debug|Any CPU
		{6CDFDD4C-F472-471D-9FA6-38C88AB01CD3}.Release|Any CPU.ActiveCfg = Release|Any CPU
		{6CDFDD4C-F472-471D-9FA6-38C88AB01CD3}.Release|Any CPU.Build.0 = Release|Any CPU
		{7185A902-0D45-4F75-BE0C-A4F11E44BFB2}.Debug|Any CPU.ActiveCfg = Debug|Any CPU
		{7185A902-0D45-4F75-BE0C-A4F11E44BFB2}.Debug|Any CPU.Build.0 = Debug|Any CPU
		{7185A902-0D45-4F75-BE0C-A4F11E44BFB2}.Release|Any CPU.ActiveCfg = Release|Any CPU
		{7185A902-0D45-4F75-BE0C-A4F11E44BFB2}.Release|Any CPU.Build.0 = Release|Any CPU
	EndGlobalSection
	GlobalSection(SolutionProperties) = preSolution
		HideSolutionNode = FALSE
	EndGlobalSection
EndGlobal
