
Microsoft Visual Studio Solution File, Format Version 12.00
# Visual Studio 15
VisualStudioVersion = 15.0.26228.4
MinimumVisualStudioVersion = 10.0.40219.1
Project("{FAE04EC0-301F-11D3-BF4B-00C04F79EFBC}") = "WebService", "WebService\WebService.csproj", "{02D61971-F986-449E-8A59-817C6E393522}"
EndProject
Project("{FAE04EC0-301F-11D3-BF4B-00C04F79EFBC}") = "Common", "Common\Common.csproj", "{6E27EFC9-2C81-46C4-BCC7-9C79DF74E380}"
EndProject
Project("{FAE04EC0-301F-11D3-BF4B-00C04F79EFBC}") = "Client", "Client\Client.csproj", "{586C0477-2754-43E4-AD71-68CA45883709}"
EndProject
Global
	GlobalSection(SolutionConfigurationPlatforms) = preSolution
		Debug|Any CPU = Debug|Any CPU
		Release|Any CPU = Release|Any CPU
	EndGlobalSection
	GlobalSection(ProjectConfigurationPlatforms) = postSolution
		{02D61971-F986-449E-8A59-817C6E393522}.Debug|Any CPU.ActiveCfg = Debug|Any CPU
		{02D61971-F986-449E-8A59-817C6E393522}.Debug|Any CPU.Build.0 = Debug|Any CPU
		{02D61971-F986-449E-8A59-817C6E393522}.Release|Any CPU.ActiveCfg = Release|Any CPU
		{02D61971-F986-449E-8A59-817C6E393522}.Release|Any CPU.Build.0 = Release|Any CPU
		{6E27EFC9-2C81-46C4-BCC7-9C79DF74E380}.Debug|Any CPU.ActiveCfg = Debug|Any CPU
		{6E27EFC9-2C81-46C4-BCC7-9C79DF74E380}.Debug|Any CPU.Build.0 = Debug|Any CPU
		{6E27EFC9-2C81-46C4-BCC7-9C79DF74E380}.Release|Any CPU.ActiveCfg = Release|Any CPU
		{6E27EFC9-2C81-46C4-BCC7-9C79DF74E380}.Release|Any CPU.Build.0 = Release|Any CPU
		{586C0477-2754-43E4-AD71-68CA45883709}.Debug|Any CPU.ActiveCfg = Debug|Any CPU
		{586C0477-2754-43E4-AD71-68CA45883709}.Debug|Any CPU.Build.0 = Debug|Any CPU
		{586C0477-2754-43E4-AD71-68CA45883709}.Release|Any CPU.ActiveCfg = Release|Any CPU
		{586C0477-2754-43E4-AD71-68CA45883709}.Release|Any CPU.Build.0 = Release|Any CPU
	EndGlobalSection
	GlobalSection(SolutionProperties) = preSolution
		HideSolutionNode = FALSE
	EndGlobalSection
EndGlobal
